// !$*UTF8*$!
{
	archiveVersion = 1;
	classes = {
	};
	objectVersion = 77;
	objects = {

/* Begin PBXBuildFile section */
		E219FF202CFC6F4000530843 /* Error.swift in Sources */ = {isa = PBXBuildFile; fileRef = E219FF1F2CFC6F4000530843 /* Error.swift */; };
		E29C69E32CFDAEAD0052888F /* User.swift in Sources */ = {isa = PBXBuildFile; fileRef = E29C69E22CFDAEAD0052888F /* User.swift */; };
		E29C69E52CFDAF070052888F /* AuthViewModel.swift in Sources */ = {isa = PBXBuildFile; fileRef = E29C69E42CFDAF070052888F /* AuthViewModel.swift */; };
		E29C69EF2CFE11350052888F /* AuthView.swift in Sources */ = {isa = PBXBuildFile; fileRef = E29C69EC2CFE11350052888F /* AuthView.swift */; };
		E29C69F02CFE11350052888F /* TableView.swift in Sources */ = {isa = PBXBuildFile; fileRef = E29C69ED2CFE11350052888F /* TableView.swift */; };
		E2A59A242D01E729001EB7D5 /* Dish.swift in Sources */ = {isa = PBXBuildFile; fileRef = E2A59A232D01E729001EB7D5 /* Dish.swift */; };
		E2A59A262D01ED68001EB7D5 /* Table.swift in Sources */ = {isa = PBXBuildFile; fileRef = E2A59A252D01ED68001EB7D5 /* Table.swift */; };
		E2A59A292D01F175001EB7D5 /* TableCell.swift in Sources */ = {isa = PBXBuildFile; fileRef = E2A59A282D01F175001EB7D5 /* TableCell.swift */; };
		E2A59A2B2D01F1C4001EB7D5 /* TableViewModel.swift in Sources */ = {isa = PBXBuildFile; fileRef = E2A59A2A2D01F1C4001EB7D5 /* TableViewModel.swift */; };
		E2A59A2D2D01FA62001EB7D5 /* Montserrat-Bold.ttf in Resources */ = {isa = PBXBuildFile; fileRef = E2A59A2C2D01FA62001EB7D5 /* Montserrat-Bold.ttf */; };
		E2C240CF2D0463F1003FC4B1 /* Coordinator.swift in Sources */ = {isa = PBXBuildFile; fileRef = E2C240CE2D0463F1003FC4B1 /* Coordinator.swift */; };
		E2C240D12D047826003FC4B1 /* TableCellViewModel.swift in Sources */ = {isa = PBXBuildFile; fileRef = E2C240D02D047826003FC4B1 /* TableCellViewModel.swift */; };
		E2F712EA2CF2344C008AD714 /* RouteView.swift in Sources */ = {isa = PBXBuildFile; fileRef = E2F712E72CF2344C008AD714 /* RouteView.swift */; };
		E2F712EB2CF2344C008AD714 /* WaiterAppApp.swift in Sources */ = {isa = PBXBuildFile; fileRef = E2F712E82CF2344C008AD714 /* WaiterAppApp.swift */; };
		E2F712EC2CF2344C008AD714 /* Preview Assets.xcassets in Resources */ = {isa = PBXBuildFile; fileRef = E2F712E42CF2344C008AD714 /* Preview Assets.xcassets */; };
		E2F712ED2CF2344C008AD714 /* Assets.xcassets in Resources */ = {isa = PBXBuildFile; fileRef = E2F712E62CF2344C008AD714 /* Assets.xcassets */; };
		E2F712F52CF25B10008AD714 /* Montserrat-Regular.ttf in Resources */ = {isa = PBXBuildFile; fileRef = E2F712F42CF25B10008AD714 /* Montserrat-Regular.ttf */; };
/* End PBXBuildFile section */

/* Begin PBXFileReference section */
		E219FF1F2CFC6F4000530843 /* Error.swift */ = {isa = PBXFileReference; lastKnownFileType = sourcecode.swift; path = Error.swift; sourceTree = "<group>"; };
		E29C69E22CFDAEAD0052888F /* User.swift */ = {isa = PBXFileReference; lastKnownFileType = sourcecode.swift; path = User.swift; sourceTree = "<group>"; };
		E29C69E42CFDAF070052888F /* AuthViewModel.swift */ = {isa = PBXFileReference; lastKnownFileType = sourcecode.swift; path = AuthViewModel.swift; sourceTree = "<group>"; };
		E29C69EC2CFE11350052888F /* AuthView.swift */ = {isa = PBXFileReference; lastKnownFileType = sourcecode.swift; path = AuthView.swift; sourceTree = "<group>"; };
		E29C69ED2CFE11350052888F /* TableView.swift */ = {isa = PBXFileReference; lastKnownFileType = sourcecode.swift; path = TableView.swift; sourceTree = "<group>"; };
		E2A59A232D01E729001EB7D5 /* Dish.swift */ = {isa = PBXFileReference; lastKnownFileType = sourcecode.swift; path = Dish.swift; sourceTree = "<group>"; };
		E2A59A252D01ED68001EB7D5 /* Table.swift */ = {isa = PBXFileReference; lastKnownFileType = sourcecode.swift; path = Table.swift; sourceTree = "<group>"; };
		E2A59A282D01F175001EB7D5 /* TableCell.swift */ = {isa = PBXFileReference; lastKnownFileType = sourcecode.swift; path = TableCell.swift; sourceTree = "<group>"; };
		E2A59A2A2D01F1C4001EB7D5 /* TableViewModel.swift */ = {isa = PBXFileReference; lastKnownFileType = sourcecode.swift; path = TableViewModel.swift; sourceTree = "<group>"; };
		E2A59A2C2D01FA62001EB7D5 /* Montserrat-Bold.ttf */ = {isa = PBXFileReference; lastKnownFileType = file; path = "Montserrat-Bold.ttf"; sourceTree = "<group>"; };
		E2C240CE2D0463F1003FC4B1 /* Coordinator.swift */ = {isa = PBXFileReference; lastKnownFileType = sourcecode.swift; path = Coordinator.swift; sourceTree = "<group>"; };
		E2C240D02D047826003FC4B1 /* TableCellViewModel.swift */ = {isa = PBXFileReference; lastKnownFileType = sourcecode.swift; path = TableCellViewModel.swift; sourceTree = "<group>"; };
		E2F712D32CF23441008AD714 /* WaiterApp.app */ = {isa = PBXFileReference; explicitFileType = wrapper.application; includeInIndex = 0; path = WaiterApp.app; sourceTree = BUILT_PRODUCTS_DIR; };
		E2F712E42CF2344C008AD714 /* Preview Assets.xcassets */ = {isa = PBXFileReference; lastKnownFileType = folder.assetcatalog; path = "Preview Assets.xcassets"; sourceTree = "<group>"; };
		E2F712E62CF2344C008AD714 /* Assets.xcassets */ = {isa = PBXFileReference; lastKnownFileType = folder.assetcatalog; path = Assets.xcassets; sourceTree = "<group>"; };
		E2F712E72CF2344C008AD714 /* RouteView.swift */ = {isa = PBXFileReference; lastKnownFileType = sourcecode.swift; path = RouteView.swift; sourceTree = "<group>"; };
		E2F712E82CF2344C008AD714 /* WaiterAppApp.swift */ = {isa = PBXFileReference; lastKnownFileType = sourcecode.swift; path = WaiterAppApp.swift; sourceTree = "<group>"; };
		E2F712F12CF25AEA008AD714 /* Info.plist */ = {isa = PBXFileReference; lastKnownFileType = text.plist.xml; path = Info.plist; sourceTree = "<group>"; };
		E2F712F42CF25B10008AD714 /* Montserrat-Regular.ttf */ = {isa = PBXFileReference; lastKnownFileType = file; path = "Montserrat-Regular.ttf"; sourceTree = "<group>"; };
/* End PBXFileReference section */

/* Begin PBXFrameworksBuildPhase section */
		E2F712D02CF23441008AD714 /* Frameworks */ = {
			isa = PBXFrameworksBuildPhase;
			buildActionMask = 2147483647;
			files = (
			);
			runOnlyForDeploymentPostprocessing = 0;
		};
/* End PBXFrameworksBuildPhase section */

/* Begin PBXGroup section */
		E29B66242D00B08A007C9D3A /* Support */ = {
			isa = PBXGroup;
			children = (
				E2F712F12CF25AEA008AD714 /* Info.plist */,
			);
			path = Support;
			sourceTree = "<group>";
		};
		E29C69E02CFDA4630052888F /* Model */ = {
			isa = PBXGroup;
			children = (
				E29C69E22CFDAEAD0052888F /* User.swift */,
				E2A59A232D01E729001EB7D5 /* Dish.swift */,
				E2A59A252D01ED68001EB7D5 /* Table.swift */,
			);
			path = Model;
			sourceTree = "<group>";
		};
		E29C69E12CFDA4730052888F /* ViewModel */ = {
			isa = PBXGroup;
			children = (
				E2C240CE2D0463F1003FC4B1 /* Coordinator.swift */,
				E29C69E42CFDAF070052888F /* AuthViewModel.swift */,
				E2A59A2A2D01F1C4001EB7D5 /* TableViewModel.swift */,
				E2C240D22D0479CC003FC4B1 /* Components */,
			);
			path = ViewModel;
			sourceTree = "<group>";
		};
		E29C69E62CFDEACD0052888F /* Error */ = {
			isa = PBXGroup;
			children = (
				E219FF1F2CFC6F4000530843 /* Error.swift */,
			);
			path = Error;
			sourceTree = "<group>";
		};
		E29C69EE2CFE11350052888F /* View */ = {
			isa = PBXGroup;
			children = (
				E2F712E72CF2344C008AD714 /* RouteView.swift */,
				E29C69ED2CFE11350052888F /* TableView.swift */,
				E29C69EC2CFE11350052888F /* AuthView.swift */,
				E2A59A272D01F131001EB7D5 /* Components */,
			);
			path = View;
			sourceTree = "<group>";
		};
		E2A59A272D01F131001EB7D5 /* Components */ = {
			isa = PBXGroup;
			children = (
				E2A59A282D01F175001EB7D5 /* TableCell.swift */,
			);
			path = Components;
			sourceTree = "<group>";
		};
		E2C240D22D0479CC003FC4B1 /* Components */ = {
			isa = PBXGroup;
			children = (
				E2C240D02D047826003FC4B1 /* TableCellViewModel.swift */,
			);
			path = Components;
			sourceTree = "<group>";
		};
		E2F712CA2CF23441008AD714 = {
			isa = PBXGroup;
			children = (
				E2F712E92CF2344C008AD714 /* WaiterApp */,
				E2F712D42CF23441008AD714 /* Products */,
			);
			sourceTree = "<group>";
		};
		E2F712D42CF23441008AD714 /* Products */ = {
			isa = PBXGroup;
			children = (
				E2F712D32CF23441008AD714 /* WaiterApp.app */,
			);
			name = Products;
			sourceTree = "<group>";
		};
		E2F712E52CF2344C008AD714 /* Preview Content */ = {
			isa = PBXGroup;
			children = (
				E2F712E42CF2344C008AD714 /* Preview Assets.xcassets */,
			);
			path = "Preview Content";
			sourceTree = "<group>";
		};
		E2F712E92CF2344C008AD714 /* WaiterApp */ = {
			isa = PBXGroup;
			children = (
				E2F712E82CF2344C008AD714 /* WaiterAppApp.swift */,
				E29C69E02CFDA4630052888F /* Model */,
				E29C69EE2CFE11350052888F /* View */,
				E29C69E12CFDA4730052888F /* ViewModel */,
				E29C69E62CFDEACD0052888F /* Error */,
				E2F712E62CF2344C008AD714 /* Assets.xcassets */,
				E2F712EE2CF25A14008AD714 /* Font */,
				E2F712E52CF2344C008AD714 /* Preview Content */,
				E29B66242D00B08A007C9D3A /* Support */,
			);
			path = WaiterApp;
			sourceTree = "<group>";
		};
		E2F712EE2CF25A14008AD714 /* Font */ = {
			isa = PBXGroup;
			children = (
				E2F712F42CF25B10008AD714 /* Montserrat-Regular.ttf */,
				E2A59A2C2D01FA62001EB7D5 /* Montserrat-Bold.ttf */,
			);
			path = Font;
			sourceTree = "<group>";
		};
/* End PBXGroup section */

/* Begin PBXNativeTarget section */
		E2F712D22CF23441008AD714 /* WaiterApp */ = {
			isa = PBXNativeTarget;
			buildConfigurationList = E2F712E12CF23442008AD714 /* Build configuration list for PBXNativeTarget "WaiterApp" */;
			buildPhases = (
				E2F712CF2CF23441008AD714 /* Sources */,
				E2F712D02CF23441008AD714 /* Frameworks */,
				E2F712D12CF23441008AD714 /* Resources */,
			);
			buildRules = (
			);
			dependencies = (
			);
			name = WaiterApp;
			packageProductDependencies = (
			);
			productName = WaiterApp;
			productReference = E2F712D32CF23441008AD714 /* WaiterApp.app */;
			productType = "com.apple.product-type.application";
		};
/* End PBXNativeTarget section */

/* Begin PBXProject section */
		E2F712CB2CF23441008AD714 /* Project object */ = {
			isa = PBXProject;
			attributes = {
				BuildIndependentTargetsInParallel = 1;
				LastSwiftUpdateCheck = 1600;
				LastUpgradeCheck = 1600;
				TargetAttributes = {
					E2F712D22CF23441008AD714 = {
						CreatedOnToolsVersion = 16.0;
					};
				};
			};
			buildConfigurationList = E2F712CE2CF23441008AD714 /* Build configuration list for PBXProject "WaiterApp" */;
			developmentRegion = en;
			hasScannedForEncodings = 0;
			knownRegions = (
				en,
				Base,
				ru,
			);
			mainGroup = E2F712CA2CF23441008AD714;
			minimizedProjectReferenceProxies = 1;
			preferredProjectObjectVersion = 77;
			productRefGroup = E2F712D42CF23441008AD714 /* Products */;
			projectDirPath = "";
			projectRoot = "";
			targets = (
				E2F712D22CF23441008AD714 /* WaiterApp */,
			);
		};
/* End PBXProject section */

/* Begin PBXResourcesBuildPhase section */
		E2F712D12CF23441008AD714 /* Resources */ = {
			isa = PBXResourcesBuildPhase;
			buildActionMask = 2147483647;
			files = (
				E2A59A2D2D01FA62001EB7D5 /* Montserrat-Bold.ttf in Resources */,
				E2F712F52CF25B10008AD714 /* Montserrat-Regular.ttf in Resources */,
				E2F712EC2CF2344C008AD714 /* Preview Assets.xcassets in Resources */,
				E2F712ED2CF2344C008AD714 /* Assets.xcassets in Resources */,
			);
			runOnlyForDeploymentPostprocessing = 0;
		};
/* End PBXResourcesBuildPhase section */

/* Begin PBXSourcesBuildPhase section */
		E2F712CF2CF23441008AD714 /* Sources */ = {
			isa = PBXSourcesBuildPhase;
			buildActionMask = 2147483647;
			files = (
				E2A59A292D01F175001EB7D5 /* TableCell.swift in Sources */,
				E29C69E32CFDAEAD0052888F /* User.swift in Sources */,
				E2A59A2B2D01F1C4001EB7D5 /* TableViewModel.swift in Sources */,
				E29C69EF2CFE11350052888F /* AuthView.swift in Sources */,
				E29C69F02CFE11350052888F /* TableView.swift in Sources */,
				E2A59A262D01ED68001EB7D5 /* Table.swift in Sources */,
				E2F712EA2CF2344C008AD714 /* RouteView.swift in Sources */,
				E2C240D12D047826003FC4B1 /* TableCellViewModel.swift in Sources */,
				E219FF202CFC6F4000530843 /* Error.swift in Sources */,
				E2C240CF2D0463F1003FC4B1 /* Coordinator.swift in Sources */,
				E2A59A242D01E729001EB7D5 /* Dish.swift in Sources */,
				E29C69E52CFDAF070052888F /* AuthViewModel.swift in Sources */,
				E2F712EB2CF2344C008AD714 /* WaiterAppApp.swift in Sources */,
			);
			runOnlyForDeploymentPostprocessing = 0;
		};
/* End PBXSourcesBuildPhase section */

/* Begin XCBuildConfiguration section */
		E2F712DF2CF23442008AD714 /* Debug */ = {
			isa = XCBuildConfiguration;
			buildSettings = {
				ALWAYS_SEARCH_USER_PATHS = NO;
				ASSETCATALOG_COMPILER_GENERATE_SWIFT_ASSET_SYMBOL_EXTENSIONS = YES;
				CLANG_ANALYZER_NONNULL = YES;
				CLANG_ANALYZER_NUMBER_OBJECT_CONVERSION = YES_AGGRESSIVE;
				CLANG_CXX_LANGUAGE_STANDARD = "gnu++20";
				CLANG_ENABLE_MODULES = YES;
				CLANG_ENABLE_OBJC_ARC = YES;
				CLANG_ENABLE_OBJC_WEAK = YES;
				CLANG_WARN_BLOCK_CAPTURE_AUTORELEASING = YES;
				CLANG_WARN_BOOL_CONVERSION = YES;
				CLANG_WARN_COMMA = YES;
				CLANG_WARN_CONSTANT_CONVERSION = YES;
				CLANG_WARN_DEPRECATED_OBJC_IMPLEMENTATIONS = YES;
				CLANG_WARN_DIRECT_OBJC_ISA_USAGE = YES_ERROR;
				CLANG_WARN_DOCUMENTATION_COMMENTS = YES;
				CLANG_WARN_EMPTY_BODY = YES;
				CLANG_WARN_ENUM_CONVERSION = YES;
				CLANG_WARN_INFINITE_RECURSION = YES;
				CLANG_WARN_INT_CONVERSION = YES;
				CLANG_WARN_NON_LITERAL_NULL_CONVERSION = YES;
				CLANG_WARN_OBJC_IMPLICIT_RETAIN_SELF = YES;
				CLANG_WARN_OBJC_LITERAL_CONVERSION = YES;
				CLANG_WARN_OBJC_ROOT_CLASS = YES_ERROR;
				CLANG_WARN_QUOTED_INCLUDE_IN_FRAMEWORK_HEADER = YES;
				CLANG_WARN_RANGE_LOOP_ANALYSIS = YES;
				CLANG_WARN_STRICT_PROTOTYPES = YES;
				CLANG_WARN_SUSPICIOUS_MOVE = YES;
				CLANG_WARN_UNGUARDED_AVAILABILITY = YES_AGGRESSIVE;
				CLANG_WARN_UNREACHABLE_CODE = YES;
				CLANG_WARN__DUPLICATE_METHOD_MATCH = YES;
				COPY_PHASE_STRIP = NO;
				DEBUG_INFORMATION_FORMAT = dwarf;
				ENABLE_STRICT_OBJC_MSGSEND = YES;
				ENABLE_TESTABILITY = YES;
				ENABLE_USER_SCRIPT_SANDBOXING = YES;
				GCC_C_LANGUAGE_STANDARD = gnu17;
				GCC_DYNAMIC_NO_PIC = NO;
				GCC_NO_COMMON_BLOCKS = YES;
				GCC_OPTIMIZATION_LEVEL = 0;
				GCC_PREPROCESSOR_DEFINITIONS = (
					"DEBUG=1",
					"$(inherited)",
				);
				GCC_WARN_64_TO_32_BIT_CONVERSION = YES;
				GCC_WARN_ABOUT_RETURN_TYPE = YES_ERROR;
				GCC_WARN_UNDECLARED_SELECTOR = YES;
				GCC_WARN_UNINITIALIZED_AUTOS = YES_AGGRESSIVE;
				GCC_WARN_UNUSED_FUNCTION = YES;
				GCC_WARN_UNUSED_VARIABLE = YES;
				IPHONEOS_DEPLOYMENT_TARGET = 18.0;
				LOCALIZATION_PREFERS_STRING_CATALOGS = YES;
				MTL_ENABLE_DEBUG_INFO = INCLUDE_SOURCE;
				MTL_FAST_MATH = YES;
				ONLY_ACTIVE_ARCH = YES;
				SDKROOT = iphoneos;
				SWIFT_ACTIVE_COMPILATION_CONDITIONS = "DEBUG $(inherited)";
				SWIFT_OPTIMIZATION_LEVEL = "-Onone";
			};
			name = Debug;
		};
		E2F712E02CF23442008AD714 /* Release */ = {
			isa = XCBuildConfiguration;
			buildSettings = {
				ALWAYS_SEARCH_USER_PATHS = NO;
				ASSETCATALOG_COMPILER_GENERATE_SWIFT_ASSET_SYMBOL_EXTENSIONS = YES;
				CLANG_ANALYZER_NONNULL = YES;
				CLANG_ANALYZER_NUMBER_OBJECT_CONVERSION = YES_AGGRESSIVE;
				CLANG_CXX_LANGUAGE_STANDARD = "gnu++20";
				CLANG_ENABLE_MODULES = YES;
				CLANG_ENABLE_OBJC_ARC = YES;
				CLANG_ENABLE_OBJC_WEAK = YES;
				CLANG_WARN_BLOCK_CAPTURE_AUTORELEASING = YES;
				CLANG_WARN_BOOL_CONVERSION = YES;
				CLANG_WARN_COMMA = YES;
				CLANG_WARN_CONSTANT_CONVERSION = YES;
				CLANG_WARN_DEPRECATED_OBJC_IMPLEMENTATIONS = YES;
				CLANG_WARN_DIRECT_OBJC_ISA_USAGE = YES_ERROR;
				CLANG_WARN_DOCUMENTATION_COMMENTS = YES;
				CLANG_WARN_EMPTY_BODY = YES;
				CLANG_WARN_ENUM_CONVERSION = YES;
				CLANG_WARN_INFINITE_RECURSION = YES;
				CLANG_WARN_INT_CONVERSION = YES;
				CLANG_WARN_NON_LITERAL_NULL_CONVERSION = YES;
				CLANG_WARN_OBJC_IMPLICIT_RETAIN_SELF = YES;
				CLANG_WARN_OBJC_LITERAL_CONVERSION = YES;
				CLANG_WARN_OBJC_ROOT_CLASS = YES_ERROR;
				CLANG_WARN_QUOTED_INCLUDE_IN_FRAMEWORK_HEADER = YES;
				CLANG_WARN_RANGE_LOOP_ANALYSIS = YES;
				CLANG_WARN_STRICT_PROTOTYPES = YES;
				CLANG_WARN_SUSPICIOUS_MOVE = YES;
				CLANG_WARN_UNGUARDED_AVAILABILITY = YES_AGGRESSIVE;
				CLANG_WARN_UNREACHABLE_CODE = YES;
				CLANG_WARN__DUPLICATE_METHOD_MATCH = YES;
				COPY_PHASE_STRIP = NO;
				DEBUG_INFORMATION_FORMAT = "dwarf-with-dsym";
				ENABLE_NS_ASSERTIONS = NO;
				ENABLE_STRICT_OBJC_MSGSEND = YES;
				ENABLE_USER_SCRIPT_SANDBOXING = YES;
				GCC_C_LANGUAGE_STANDARD = gnu17;
				GCC_NO_COMMON_BLOCKS = YES;
				GCC_WARN_64_TO_32_BIT_CONVERSION = YES;
				GCC_WARN_ABOUT_RETURN_TYPE = YES_ERROR;
				GCC_WARN_UNDECLARED_SELECTOR = YES;
				GCC_WARN_UNINITIALIZED_AUTOS = YES_AGGRESSIVE;
				GCC_WARN_UNUSED_FUNCTION = YES;
				GCC_WARN_UNUSED_VARIABLE = YES;
				IPHONEOS_DEPLOYMENT_TARGET = 18.0;
				LOCALIZATION_PREFERS_STRING_CATALOGS = YES;
				MTL_ENABLE_DEBUG_INFO = NO;
				MTL_FAST_MATH = YES;
				SDKROOT = iphoneos;
				SWIFT_COMPILATION_MODE = wholemodule;
				VALIDATE_PRODUCT = YES;
			};
			name = Release;
		};
		E2F712E22CF23442008AD714 /* Debug */ = {
			isa = XCBuildConfiguration;
			buildSettings = {
				ASSETCATALOG_COMPILER_APPICON_NAME = AppIcon;
				ASSETCATALOG_COMPILER_GLOBAL_ACCENT_COLOR_NAME = AccentColor;
				CODE_SIGN_STYLE = Automatic;
				CURRENT_PROJECT_VERSION = 1;
				DEVELOPMENT_ASSET_PATHS = "\"WaiterApp/Preview Content\"";
				ENABLE_PREVIEWS = YES;
				GENERATE_INFOPLIST_FILE = YES;
				INFOPLIST_FILE = WaiterApp/Support/Info.plist;
				INFOPLIST_KEY_UIApplicationSceneManifest_Generation = YES;
				INFOPLIST_KEY_UIApplicationSupportsIndirectInputEvents = YES;
				INFOPLIST_KEY_UILaunchScreen_Generation = YES;
				INFOPLIST_KEY_UISupportedInterfaceOrientations_iPad = "UIInterfaceOrientationPortrait UIInterfaceOrientationPortraitUpsideDown UIInterfaceOrientationLandscapeLeft UIInterfaceOrientationLandscapeRight";
				INFOPLIST_KEY_UISupportedInterfaceOrientations_iPhone = "UIInterfaceOrientationPortrait UIInterfaceOrientationLandscapeLeft UIInterfaceOrientationLandscapeRight";
				LD_RUNPATH_SEARCH_PATHS = (
					"$(inherited)",
					"@executable_path/Frameworks",
				);
				MARKETING_VERSION = 1.0;
				PRODUCT_BUNDLE_IDENTIFIER = com.example.WaiterApp;
				PRODUCT_NAME = "$(TARGET_NAME)";
				SWIFT_EMIT_LOC_STRINGS = YES;
				SWIFT_VERSION = 5.0;
				TARGETED_DEVICE_FAMILY = "1,2";
			};
			name = Debug;
		};
		E2F712E32CF23442008AD714 /* Release */ = {
			isa = XCBuildConfiguration;
			buildSettings = {
				ASSETCATALOG_COMPILER_APPICON_NAME = AppIcon;
				ASSETCATALOG_COMPILER_GLOBAL_ACCENT_COLOR_NAME = AccentColor;
				CODE_SIGN_STYLE = Automatic;
				CURRENT_PROJECT_VERSION = 1;
				DEVELOPMENT_ASSET_PATHS = "\"WaiterApp/Preview Content\"";
				ENABLE_PREVIEWS = YES;
				GENERATE_INFOPLIST_FILE = YES;
				INFOPLIST_FILE = WaiterApp/Support/Info.plist;
				INFOPLIST_KEY_UIApplicationSceneManifest_Generation = YES;
				INFOPLIST_KEY_UIApplicationSupportsIndirectInputEvents = YES;
				INFOPLIST_KEY_UILaunchScreen_Generation = YES;
				INFOPLIST_KEY_UISupportedInterfaceOrientations_iPad = "UIInterfaceOrientationPortrait UIInterfaceOrientationPortraitUpsideDown UIInterfaceOrientationLandscapeLeft UIInterfaceOrientationLandscapeRight";
				INFOPLIST_KEY_UISupportedInterfaceOrientations_iPhone = "UIInterfaceOrientationPortrait UIInterfaceOrientationLandscapeLeft UIInterfaceOrientationLandscapeRight";
				LD_RUNPATH_SEARCH_PATHS = (
					"$(inherited)",
					"@executable_path/Frameworks",
				);
				MARKETING_VERSION = 1.0;
				PRODUCT_BUNDLE_IDENTIFIER = com.example.WaiterApp;
				PRODUCT_NAME = "$(TARGET_NAME)";
				SWIFT_EMIT_LOC_STRINGS = YES;
				SWIFT_VERSION = 5.0;
				TARGETED_DEVICE_FAMILY = "1,2";
			};
			name = Release;
		};
/* End XCBuildConfiguration section */

/* Begin XCConfigurationList section */
		E2F712CE2CF23441008AD714 /* Build configuration list for PBXProject "WaiterApp" */ = {
			isa = XCConfigurationList;
			buildConfigurations = (
				E2F712DF2CF23442008AD714 /* Debug */,
				E2F712E02CF23442008AD714 /* Release */,
			);
			defaultConfigurationIsVisible = 0;
			defaultConfigurationName = Release;
		};
		E2F712E12CF23442008AD714 /* Build configuration list for PBXNativeTarget "WaiterApp" */ = {
			isa = XCConfigurationList;
			buildConfigurations = (
				E2F712E22CF23442008AD714 /* Debug */,
				E2F712E32CF23442008AD714 /* Release */,
			);
			defaultConfigurationIsVisible = 0;
			defaultConfigurationName = Release;
		};
/* End XCConfigurationList section */
	};
	rootObject = E2F712CB2CF23441008AD714 /* Project object */;
}
